<?xml version="1.0" encoding="utf-8"?>
<Project ToolsVersion="4.0" xmlns="http://schemas.microsoft.com/developer/msbuild/2003">
  <ItemGroup>
    <Filter Include="Common">
      <UniqueIdentifier>{703666ab-68a2-45d3-8cc7-48177381e66c}</UniqueIdentifier>
    </Filter>
  </ItemGroup>
  <ItemGroup>
    <ClCompile Include="..\Common\Currency.cpp">
      <Filter>Common</Filter>
    </ClCompile>
    <ClCompile Include="..\Common\Font.cpp">
      <Filter>Common</Filter>
    </ClCompile>
    <ClCompile Include="..\Common\Point.cpp">
      <Filter>Common</Filter>
    </ClCompile>
    <ClCompile Include="..\Common\View.cpp">
      <Filter>Common</Filter>
    </ClCompile>
    <ClCompile Include="..\Common\VisualComponent.cpp">
      <Filter>Common</Filter>
    </ClCompile>
    <ClCompile Include="..\Common\Watt.cpp">
      <Filter>Common</Filter>
    </ClCompile>
    <ClCompile Include="main.cpp" />
    <ClCompile Include="..\Common\TextView.cpp">
      <Filter>Common</Filter>
    </ClCompile>
  </ItemGroup>
  <ItemGroup>
    <ClInclude Include="..\Common\Currency.h">
      <Filter>Common</Filter>
    </ClInclude>
    <ClInclude Include="..\Common\Font.h">
      <Filter>Common</Filter>
    </ClInclude>
    <ClInclude Include="..\Common\Point.h">
      <Filter>Common</Filter>
    </ClInclude>
    <ClInclude Include="..\Common\View.h">
      <Filter>Common</Filter>
    </ClInclude>
    <ClInclude Include="..\Common\VisualComponent.h">
      <Filter>Common</Filter>
    </ClInclude>
    <ClInclude Include="..\Common\Watt.h">
      <Filter>Common</Filter>
    </ClInclude>
    <ClInclude Include="..\Common\TextView.h">
      <Filter>Common</Filter>
    </ClInclude>
  </ItemGroup>
</Project>