<?xml version="1.0" encoding="utf-8"?>
<Project ToolsVersion="4.0" xmlns="http://schemas.microsoft.com/developer/msbuild/2003">
  <ItemGroup>
    <Filter Include="소스 파일">
      <UniqueIdentifier>{4FC737F1-C7A5-4376-A066-2A32D752A2FF}</UniqueIdentifier>
      <Extensions>cpp;c;cc;cxx;c++;cppm;ixx;def;odl;idl;hpj;bat;asm;asmx</Extensions>
    </Filter>
    <Filter Include="헤더 파일">
      <UniqueIdentifier>{93995380-89BD-4b04-88EB-625FBE52EBFB}</UniqueIdentifier>
      <Extensions>h;hh;hpp;hxx;h++;hm;inl;inc;ipp;xsd</Extensions>
    </Filter>
    <Filter Include="리소스 파일">
      <UniqueIdentifier>{67DA6AB6-F800-4c08-8B7A-83BB121AAD01}</UniqueIdentifier>
      <Extensions>rc;ico;cur;bmp;dlg;rc2;rct;bin;rgs;gif;jpg;jpeg;jpe;resx;tiff;tif;png;wav;mfcribbon-ms</Extensions>
    </Filter>
    <Filter Include="Common">
      <UniqueIdentifier>{d87b4fd2-5e58-46ae-a87d-94d18882d020}</UniqueIdentifier>
    </Filter>
  </ItemGroup>
  <ItemGroup>
    <ClCompile Include="main.cpp">
      <Filter>소스 파일</Filter>
    </ClCompile>
    <ClCompile Include="..\Common\Door.cpp">
      <Filter>Common</Filter>
    </ClCompile>
    <ClCompile Include="..\Common\MapSite.cpp">
      <Filter>Common</Filter>
    </ClCompile>
    <ClCompile Include="..\Common\Maze.cpp">
      <Filter>Common</Filter>
    </ClCompile>
    <ClCompile Include="..\Common\MazeGame.cpp">
      <Filter>Common</Filter>
    </ClCompile>
    <ClCompile Include="..\Common\Room.cpp">
      <Filter>Common</Filter>
    </ClCompile>
    <ClCompile Include="..\Common\Wall.cpp">
      <Filter>Common</Filter>
    </ClCompile>
    <ClCompile Include="..\Common\EnchantedRoom.cpp">
      <Filter>Common</Filter>
    </ClCompile>
    <ClCompile Include="..\Common\BombedWall.cpp">
      <Filter>Common</Filter>
    </ClCompile>
    <ClCompile Include="..\Common\DoorNeedingSpell.cpp">
      <Filter>Common</Filter>
    </ClCompile>
    <ClCompile Include="..\Common\RoomWithABomb.cpp">
      <Filter>Common</Filter>
    </ClCompile>
  </ItemGroup>
  <ItemGroup>
    <ClInclude Include="..\Common\Door.h">
      <Filter>Common</Filter>
    </ClInclude>
    <ClInclude Include="..\Common\MapSite.h">
      <Filter>Common</Filter>
    </ClInclude>
    <ClInclude Include="..\Common\Maze.h">
      <Filter>Common</Filter>
    </ClInclude>
    <ClInclude Include="..\Common\MazeGame.h">
      <Filter>Common</Filter>
    </ClInclude>
    <ClInclude Include="..\Common\Room.h">
      <Filter>Common</Filter>
    </ClInclude>
    <ClInclude Include="..\Common\Wall.h">
      <Filter>Common</Filter>
    </ClInclude>
    <ClInclude Include="..\Common\EnchantedRoom.h">
      <Filter>Common</Filter>
    </ClInclude>
    <ClInclude Include="..\Common\BombedWall.h">
      <Filter>Common</Filter>
    </ClInclude>
    <ClInclude Include="..\Common\DoorNeedingSpell.h">
      <Filter>Common</Filter>
    </ClInclude>
    <ClInclude Include="..\Common\RoomWithABomb.h">
      <Filter>Common</Filter>
    </ClInclude>
  </ItemGroup>
</Project>